
Microsoft Visual Studio Solution File, Format Version 12.00
# Visual Studio 2013
VisualStudioVersion = 12.0.31101.0
MinimumVisualStudioVersion = 10.0.40219.1
Project("{FAE04EC0-301F-11D3-BF4B-00C04F79EFBC}") = "ServerProject", "ServerProject\ServerProject.csproj", "{3FBAC623-72BF-42C0-B591-4E0D8B831F4C}"
EndProject
Project("{FAE04EC0-301F-11D3-BF4B-00C04F79EFBC}") = "ClientConsoleApp", "ClientConsoleApp\ClientConsoleApp.csproj", "{43253B78-DB1B-428A-80A1-4290461A17C7}"
	ProjectSection(ProjectDependencies) = postProject
		{C71EDCC4-50A4-4406-9399-8370D1343F43} = {C71EDCC4-50A4-4406-9399-8370D1343F43}
	EndProjectSection
EndProject
Project("{FAE04EC0-301F-11D3-BF4B-00C04F79EFBC}") = "WCFConnectionLibrary", "WCFConnectionLibrary\WCFConnectionLibrary.csproj", "{C71EDCC4-50A4-4406-9399-8370D1343F43}"
EndProject
Global
	GlobalSection(SolutionConfigurationPlatforms) = preSolution
		Debug|Any CPU = Debug|Any CPU
		Release|Any CPU = Release|Any CPU
	EndGlobalSection
	GlobalSection(ProjectConfigurationPlatforms) = postSolution
		{3FBAC623-72BF-42C0-B591-4E0D8B831F4C}.Debug|Any CPU.ActiveCfg = Debug|Any CPU
		{3FBAC623-72BF-42C0-B591-4E0D8B831F4C}.Debug|Any CPU.Build.0 = Debug|Any CPU
		{3FBAC623-72BF-42C0-B591-4E0D8B831F4C}.Release|Any CPU.ActiveCfg = Release|Any CPU
		{3FBAC623-72BF-42C0-B591-4E0D8B831F4C}.Release|Any CPU.Build.0 = Release|Any CPU
		{43253B78-DB1B-428A-80A1-4290461A17C7}.Debug|Any CPU.ActiveCfg = Debug|Any CPU
		{43253B78-DB1B-428A-80A1-4290461A17C7}.Debug|Any CPU.Build.0 = Debug|Any CPU
		{43253B78-DB1B-428A-80A1-4290461A17C7}.Release|Any CPU.ActiveCfg = Release|Any CPU
		{43253B78-DB1B-428A-80A1-4290461A17C7}.Release|Any CPU.Build.0 = Release|Any CPU
		{C71EDCC4-50A4-4406-9399-8370D1343F43}.Debug|Any CPU.ActiveCfg = Debug|Any CPU
		{C71EDCC4-50A4-4406-9399-8370D1343F43}.Debug|Any CPU.Build.0 = Debug|Any CPU
		{C71EDCC4-50A4-4406-9399-8370D1343F43}.Release|Any CPU.ActiveCfg = Release|Any CPU
		{C71EDCC4-50A4-4406-9399-8370D1343F43}.Release|Any CPU.Build.0 = Release|Any CPU
	EndGlobalSection
	GlobalSection(SolutionProperties) = preSolution
		HideSolutionNode = FALSE
	EndGlobalSection
EndGlobal
